
Microsoft Visual Studio Solution File, Format Version 12.00
# Visual Studio Version 16
VisualStudioVersion = 16.0.31911.196
MinimumVisualStudioVersion = 10.0.40219.1
Project("{FAE04EC0-301F-11D3-BF4B-00C04F79EFBC}") = "BT_WindowsForms", "BT_WindowsForms\BT_WindowsForms.csproj", "{4F41F6C4-0DA8-41D9-A869-1072798D5A50}"
EndProject
Global
	GlobalSection(SolutionConfigurationPlatforms) = preSolution
		Debug|Any CPU = Debug|Any CPU
		Release|Any CPU = Release|Any CPU
	EndGlobalSection
	GlobalSection(ProjectConfigurationPlatforms) = postSolution
		{4F41F6C4-0DA8-41D9-A869-1072798D5A50}.Debug|Any CPU.ActiveCfg = Debug|Any CPU
		{4F41F6C4-0DA8-41D9-A869-1072798D5A50}.Debug|Any CPU.Build.0 = Debug|Any CPU
		{4F41F6C4-0DA8-41D9-A869-1072798D5A50}.Release|Any CPU.ActiveCfg = Release|Any CPU
		{4F41F6C4-0DA8-41D9-A869-1072798D5A50}.Release|Any CPU.Build.0 = Release|Any CPU
	EndGlobalSection
	GlobalSection(SolutionProperties) = preSolution
		HideSolutionNode = FALSE
	EndGlobalSection
	GlobalSection(ExtensibilityGlobals) = postSolution
		SolutionGuid = {61FCF6AF-3B98-42F6-ADCC-376E35686127}
	EndGlobalSection
EndGlobal
